github.com/joho/godotenv v1.3.0 h1:Zjp+RcGpHhGlrMbJzXTrZZPrWj+1vfm90La1wgB6Bhc=
github.com/joho/godotenv v1.3.0/go.mod h1:7hK45KPybAkOC6peb+G5yklZfMxEjkZhHbwpqxOKXbg=
github.com/tj/go-dropbox v0.0.0-20171107035848-42dd2be3662d h1:kc+jLVc4Ivy9I77bYXJ1f2ZTAPInUxw7W/bqKW43g6Q=
github.com/tj/go-dropbox v0.0.0-20171107035848-42dd2be3662d/go.mod h1:+zP9ykDCb5wHDCWHCuLZ2YhDAiy42yV+HAmI2BIocBI=
github.com/tj/go-dropy v0.0.0-20151223190506-225699a12156 h1:to5DdjQjmJ1duMa+eWKnIpp7oCB4UN+vdROMpiiB6RQ=
github.com/tj/go-dropy v0.0.0-20151223190506-225699a12156/go.mod h1:aZebpEa+WRTu8vDf9R1x1L+iPR8HJYMVcUK/JdZz4do=
github.com/yanzay/tbot v1.0.0 h1:pKLHIvdiHRgU5iTfpWlgMTCWyD4vIQtAsOy7LCYMsAo=
github.com/yanzay/tbot/v2 v2.1.1 h1:9tOMHmnpow1YdrQhLaDHpmA9LuLg1wSIkFjjsN3sJM4=
github.com/yanzay/tbot/v2 v2.1.1/go.mod h1:q0+8JblBq9tLAnKHdBIZsHwDvMS9TfO6mNfaAk1VrHg=
